
Microsoft Visual Studio Solution File, Format Version 12.00
# Visual Studio 15
VisualStudioVersion = 15.0.27428.2043
MinimumVisualStudioVersion = 10.0.40219.1
Project("{FAE04EC0-301F-11D3-BF4B-00C04F79EFBC}") = "AdventOfCode2018", "AdventOfCode2018\AdventOfCode2018.csproj", "{895F99E5-7E6E-4DA1-86BF-977C6AB93727}"
EndProject
Global
	GlobalSection(SolutionConfigurationPlatforms) = preSolution
		Debug|Any CPU = Debug|Any CPU
		Release|Any CPU = Release|Any CPU
	EndGlobalSection
	GlobalSection(ProjectConfigurationPlatforms) = postSolution
		{895F99E5-7E6E-4DA1-86BF-977C6AB93727}.Debug|Any CPU.ActiveCfg = Debug|Any CPU
		{895F99E5-7E6E-4DA1-86BF-977C6AB93727}.Debug|Any CPU.Build.0 = Debug|Any CPU
		{895F99E5-7E6E-4DA1-86BF-977C6AB93727}.Release|Any CPU.ActiveCfg = Release|Any CPU
		{895F99E5-7E6E-4DA1-86BF-977C6AB93727}.Release|Any CPU.Build.0 = Release|Any CPU
	EndGlobalSection
	GlobalSection(SolutionProperties) = preSolution
		HideSolutionNode = FALSE
	EndGlobalSection
	GlobalSection(ExtensibilityGlobals) = postSolution
		SolutionGuid = {1C678713-D158-4A58-BD48-65C1808B79BE}
	EndGlobalSection
EndGlobal
